{
    "_readme": [
        "This file locks the dependencies of your project to a known state",
        "Read more about it at https://getcomposer.org/doc/01-basic-usage.md#composer-lock-the-lock-file",
        "This file is @generated automatically"
    ],
    "content-hash": "e81f8bf111c7a18b5b39777377baa9e0",
    "packages": [
        {
            "name": "arhone/builder",
            "version": "dev-master",
            "source": {
                "type": "git",
                "url": "https://github.com/arhone/builder.git",
                "reference": "179ce7e953133b337c75fbbb4c47fcabfda47b27"
            },
            "dist": {
                "type": "zip",
                "url": "https://api.github.com/repos/arhone/builder/zipball/179ce7e953133b337c75fbbb4c47fcabfda47b27",
                "reference": "179ce7e953133b337c75fbbb4c47fcabfda47b27",
                "shasum": ""
            },
            "require": {
                "php": "^7.0"
            },
            "type": "library",
            "autoload": {
                "psr-4": {
                    "arhone\\builder\\": ""
                },
                "classmap": [
                    "Builder.php"
                ]
            },
            "notification-url": "https://packagist.org/downloads/",
            "license": [
                "MIT"
            ],
            "authors": [
                {
                    "name": "Алексей Арх",
                    "email": "info@arh.one"
                }
            ],
            "description": "Сборщик пакетов - Внедрение зависимостей (PHP)",
            "homepage": "https://github.com/arhone/builder",
            "time": "2017-09-20T13:01:46+00:00"
        },
        {
            "name": "arhone/cache",
            "version": "dev-master",
            "source": {
                "type": "git",
                "url": "https://github.com/arhone/cache.git",
                "reference": "9019fffb126dd9449e5094ff169ec08c49f6b79e"
            },
            "dist": {
                "type": "zip",
                "url": "https://api.github.com/repos/arhone/cache/zipball/9019fffb126dd9449e5094ff169ec08c49f6b79e",
                "reference": "9019fffb126dd9449e5094ff169ec08c49f6b79e",
                "shasum": ""
            },
            "require": {
                "php": "^7.0"
            },
            "type": "library",
            "autoload": {
                "psr-4": {
                    "arhone\\cache\\": ""
                },
                "classmap": [
                    "Cache.php"
                ]
            },
            "notification-url": "https://packagist.org/downloads/",
            "license": [
                "MIT"
            ],
            "authors": [
                {
                    "name": "Алексей Арх",
                    "email": "info@arh.one"
                }
            ],
            "description": "Работы с кешем (PHP 7)",
            "homepage": "https://github.com/arhone/cache",
            "time": "2017-10-11T13:14:23+00:00"
        },
        {
            "name": "arhone/controller",
            "version": "dev-master",
            "source": {
                "type": "git",
                "url": "https://github.com/arhone/controller.git",
                "reference": "154b8dd8082eb9205546586f0b7a639f6e797e8a"
            },
            "dist": {
                "type": "zip",
                "url": "https://api.github.com/repos/arhone/controller/zipball/154b8dd8082eb9205546586f0b7a639f6e797e8a",
                "reference": "154b8dd8082eb9205546586f0b7a639f6e797e8a",
                "shasum": ""
            },
            "require": {
                "php": "^7.0"
            },
            "type": "library",
            "autoload": {
                "psr-4": {
                    "arhone\\controller\\": ""
                },
                "classmap": [
                    "Controller.php"
                ]
            },
            "notification-url": "https://packagist.org/downloads/",
            "license": [
                "MIT"
            ],
            "authors": [
                {
                    "name": "Алексей Арх",
                    "email": "info@arh.one"
                }
            ],
            "description": "Главный контроллер приложения (PHP 7)",
            "homepage": "https://github.com/arhone/controller",
            "time": "2017-10-11T14:26:09+00:00"
        },
        {
            "name": "arhone/tpl",
            "version": "dev-master",
            "source": {
                "type": "git",
                "url": "https://github.com/arhone/tpl.git",
                "reference": "ff8171c727ff71423e9b138579dcfa240b64ac1f"
            },
            "dist": {
                "type": "zip",
                "url": "https://api.github.com/repos/arhone/tpl/zipball/ff8171c727ff71423e9b138579dcfa240b64ac1f",
                "reference": "ff8171c727ff71423e9b138579dcfa240b64ac1f",
                "shasum": ""
            },
            "require": {
                "php": "^7.0"
            },
            "type": "library",
            "autoload": {
                "psr-4": {
                    "arhone\\tpl\\": ""
                },
                "classmap": [
                    "Tpl.php"
                ]
            },
            "notification-url": "https://packagist.org/downloads/",
            "license": [
                "MIT"
            ],
            "authors": [
                {
                    "name": "Алексей Арх",
                    "email": "info@arh.one"
                }
            ],
            "description": "Нативный PHP шаблонизатор",
            "homepage": "https://github.com/arhone/tpl",
            "time": "2017-10-11T14:25:25+00:00"
        },
        {
            "name": "arhone/trigger",
            "version": "dev-master",
            "source": {
                "type": "git",
                "url": "https://github.com/arhone/trigger.git",
                "reference": "04f992d15f5fa6da6258bd2c43d01c726fb1af3f"
            },
            "dist": {
                "type": "zip",
                "url": "https://api.github.com/repos/arhone/trigger/zipball/04f992d15f5fa6da6258bd2c43d01c726fb1af3f",
                "reference": "04f992d15f5fa6da6258bd2c43d01c726fb1af3f",
                "shasum": ""
            },
            "require": {
                "php": "^7.0"
            },
            "type": "library",
            "autoload": {
                "psr-4": {
                    "arhone\\trigger\\": ""
                },
                "classmap": [
                    "Trigger.php"
                ]
            },
            "notification-url": "https://packagist.org/downloads/",
            "license": [
                "MIT"
            ],
            "authors": [
                {
                    "name": "Алексей Арх",
                    "email": "info@arh.one"
                }
            ],
            "description": "Триггер (PHP 7)",
            "homepage": "https://github.com/arhone/trigger",
            "time": "2017-10-11T14:25:37+00:00"
        }
    ],
    "packages-dev": [],
    "aliases": [],
    "minimum-stability": "stable",
    "stability-flags": {
        "arhone/builder": 20,
        "arhone/controller": 20,
        "arhone/cache": 20,
        "arhone/trigger": 20,
        "arhone/tpl": 20
    },
    "prefer-stable": false,
    "prefer-lowest": false,
    "platform": [],
    "platform-dev": []
}
