{
    "_readme": [
        "This file locks the dependencies of your project to a known state",
        "Read more about it at https://getcomposer.org/doc/01-basic-usage.md#composer-lock-the-lock-file",
        "This file is @generated automatically"
    ],
    "content-hash": "47d7642448d1167e8e912755293102b9",
    "packages": [
        {
            "name": "arhone/builder",
            "version": "1.0.0",
            "source": {
                "type": "git",
                "url": "https://github.com/arhone/builder.git",
                "reference": "179ce7e953133b337c75fbbb4c47fcabfda47b27"
            },
            "dist": {
                "type": "zip",
                "url": "https://api.github.com/repos/arhone/builder/zipball/179ce7e953133b337c75fbbb4c47fcabfda47b27",
                "reference": "179ce7e953133b337c75fbbb4c47fcabfda47b27",
                "shasum": ""
            },
            "require": {
                "php": "^7.0"
            },
            "type": "library",
            "autoload": {
                "psr-4": {
                    "arhone\\builder\\": ""
                },
                "classmap": [
                    "Builder.php"
                ]
            },
            "notification-url": "https://packagist.org/downloads/",
            "license": [
                "MIT"
            ],
            "authors": [
                {
                    "name": "Алексей Арх",
                    "email": "info@arh.one"
                }
            ],
            "description": "Сборщик пакетов - Внедрение зависимостей (PHP)",
            "homepage": "https://github.com/arhone/builder",
            "time": "2017-09-20T13:01:46+00:00"
        },
        {
            "name": "arhone/tpl",
            "version": "dev-master",
            "source": {
                "type": "git",
                "url": "https://github.com/arhone/tpl.git",
                "reference": "d68ebc8e18c638b8183320c1217599b70ba080d7"
            },
            "dist": {
                "type": "zip",
                "url": "https://api.github.com/repos/arhone/tpl/zipball/d68ebc8e18c638b8183320c1217599b70ba080d7",
                "reference": "d68ebc8e18c638b8183320c1217599b70ba080d7",
                "shasum": ""
            },
            "require": {
                "php": "^7.0"
            },
            "type": "library",
            "autoload": {
                "psr-4": {
                    "arhone\\tpl\\": ""
                },
                "classmap": [
                    "Tpl.php"
                ]
            },
            "notification-url": "https://packagist.org/downloads/",
            "license": [
                "MIT"
            ],
            "authors": [
                {
                    "name": "Алексей Арх",
                    "email": "info@arh.one"
                }
            ],
            "description": "Нативный PHP шаблонизатор",
            "homepage": "https://github.com/arhone/tpl",
            "time": "2017-09-27T12:45:10+00:00"
        }
    ],
    "packages-dev": [],
    "aliases": [],
    "minimum-stability": "stable",
    "stability-flags": {
        "arhone/tpl": 20
    },
    "prefer-stable": false,
    "prefer-lowest": false,
    "platform": [],
    "platform-dev": []
}
