{
    "_readme": [
        "This file locks the dependencies of your project to a known state",
        "Read more about it at https://getcomposer.org/doc/01-basic-usage.md#composer-lock-the-lock-file",
        "This file is @generated automatically"
    ],
    "content-hash": "4458ecc7f0896be4a8c54c9eb5250ddd",
    "packages": [
        {
            "name": "arhone/di",
            "version": "1.0.5",
            "source": {
                "type": "git",
                "url": "https://github.com/arhone/di.git",
                "reference": "7cceb6a23fabbff8cc93b51c0b42cad8e9c1203b"
            },
            "dist": {
                "type": "zip",
                "url": "https://api.github.com/repos/arhone/di/zipball/7cceb6a23fabbff8cc93b51c0b42cad8e9c1203b",
                "reference": "7cceb6a23fabbff8cc93b51c0b42cad8e9c1203b",
                "shasum": ""
            },
            "require": {
                "php": "^7.0"
            },
            "type": "library",
            "autoload": {
                "psr-4": {
                    "arhone\\di\\": ""
                },
                "classmap": [
                    "DI.php"
                ]
            },
            "notification-url": "https://packagist.org/downloads/",
            "license": [
                "MIT"
            ],
            "authors": [
                {
                    "name": "Алексей Арх",
                    "email": "info@arh.one"
                }
            ],
            "description": "Внедрение зависимостей в PHP",
            "homepage": "https://github.com/arhone/di",
            "time": "2017-09-04T15:19:21+00:00"
        }
    ],
    "packages-dev": [],
    "aliases": [],
    "minimum-stability": "stable",
    "stability-flags": [],
    "prefer-stable": false,
    "prefer-lowest": false,
    "platform": [],
    "platform-dev": []
}
